
Microsoft Visual Studio Solution File, Format Version 12.00
# Visual Studio 15
VisualStudioVersion = 15.0.28010.2003
MinimumVisualStudioVersion = 10.0.40219.1
Project("{8BC9CEB8-8B4A-11D0-8D11-00A0C91BC942}") = "opengl_rgb_to_yuv", "opengl_rgb_to_yuv\opengl_rgb_to_yuv.vcxproj", "{82CB95C6-64D0-4832-B05C-B9B80DBF3D58}"
EndProject
Global
	GlobalSection(SolutionConfigurationPlatforms) = preSolution
		Debug|x64 = Debug|x64
		Debug|x86 = Debug|x86
		Release|x64 = Release|x64
		Release|x86 = Release|x86
	EndGlobalSection
	GlobalSection(ProjectConfigurationPlatforms) = postSolution
		{82CB95C6-64D0-4832-B05C-B9B80DBF3D58}.Debug|x64.ActiveCfg = Debug|x64
		{82CB95C6-64D0-4832-B05C-B9B80DBF3D58}.Debug|x64.Build.0 = Debug|x64
		{82CB95C6-64D0-4832-B05C-B9B80DBF3D58}.Debug|x86.ActiveCfg = Debug|Win32
		{82CB95C6-64D0-4832-B05C-B9B80DBF3D58}.Debug|x86.Build.0 = Debug|Win32
		{82CB95C6-64D0-4832-B05C-B9B80DBF3D58}.Release|x64.ActiveCfg = Release|x64
		{82CB95C6-64D0-4832-B05C-B9B80DBF3D58}.Release|x64.Build.0 = Release|x64
		{82CB95C6-64D0-4832-B05C-B9B80DBF3D58}.Release|x86.ActiveCfg = Release|Win32
		{82CB95C6-64D0-4832-B05C-B9B80DBF3D58}.Release|x86.Build.0 = Release|Win32
	EndGlobalSection
	GlobalSection(SolutionProperties) = preSolution
		HideSolutionNode = FALSE
	EndGlobalSection
	GlobalSection(ExtensibilityGlobals) = postSolution
		SolutionGuid = {4807D17F-969F-47DD-A0FD-8CA35F38C8FB}
	EndGlobalSection
EndGlobal
